
Microsoft Visual Studio Solution File, Format Version 12.00
# Visual Studio Version 16
VisualStudioVersion = 16.0.29306.81
MinimumVisualStudioVersion = 10.0.40219.1
Project("{FAE04EC0-301F-11D3-BF4B-00C04F79EFBC}") = "listremake", "listremake\listremake.csproj", "{9F2D73BC-CC32-4C7E-94F8-598B8EB88508}"
EndProject
Global
	GlobalSection(SolutionConfigurationPlatforms) = preSolution
		Debug|Any CPU = Debug|Any CPU
		Release|Any CPU = Release|Any CPU
	EndGlobalSection
	GlobalSection(ProjectConfigurationPlatforms) = postSolution
		{9F2D73BC-CC32-4C7E-94F8-598B8EB88508}.Debug|Any CPU.ActiveCfg = Debug|Any CPU
		{9F2D73BC-CC32-4C7E-94F8-598B8EB88508}.Debug|Any CPU.Build.0 = Debug|Any CPU
		{9F2D73BC-CC32-4C7E-94F8-598B8EB88508}.Release|Any CPU.ActiveCfg = Release|Any CPU
		{9F2D73BC-CC32-4C7E-94F8-598B8EB88508}.Release|Any CPU.Build.0 = Release|Any CPU
	EndGlobalSection
	GlobalSection(SolutionProperties) = preSolution
		HideSolutionNode = FALSE
	EndGlobalSection
	GlobalSection(ExtensibilityGlobals) = postSolution
		SolutionGuid = {172381BF-3458-4202-BF02-E0A90A23ACCF}
	EndGlobalSection
EndGlobal
